Microsoft Visual Studio Solution File, Format Version 12.00
# Visual Studio Version 17
VisualStudioVersion = 17.5.2.0
MinimumVisualStudioVersion = 10.0.40219.1
Project("{FAE04EC0-301F-11D3-BF4B-00C04F79EFBC}") = "KojakBridge", "KojakBridge\KojakBridge.csproj", "{004AEBD9-76C0-D357-D77A-EF270BE0E2BD}"
EndProject
Global
	GlobalSection(SolutionConfigurationPlatforms) = preSolution
		Debug|Any CPU = Debug|Any CPU
		Release|Any CPU = Release|Any CPU
	EndGlobalSection
	GlobalSection(ProjectConfigurationPlatforms) = postSolution
		{004AEBD9-76C0-D357-D77A-EF270BE0E2BD}.Debug|Any CPU.ActiveCfg = Debug|Any CPU
		{004AEBD9-76C0-D357-D77A-EF270BE0E2BD}.Debug|Any CPU.Build.0 = Debug|Any CPU
		{004AEBD9-76C0-D357-D77A-EF270BE0E2BD}.Release|Any CPU.ActiveCfg = Release|Any CPU
		{004AEBD9-76C0-D357-D77A-EF270BE0E2BD}.Release|Any CPU.Build.0 = Release|Any CPU
	EndGlobalSection
	GlobalSection(SolutionProperties) = preSolution
		HideSolutionNode = FALSE
	EndGlobalSection
	GlobalSection(ExtensibilityGlobals) = postSolution
		SolutionGuid = {7449AFAA-5A75-4C26-B965-4D04D4F77F89}
	EndGlobalSection
EndGlobal
